// !$*UTF8*$!
{
	archiveVersion = 1;
	classes = {
	};
	objectVersion = 46;
	objects = {

/* Begin PBXBuildFile section */
		83431BFB170ADA7C000AA85C /* Cocoa.framework in Frameworks */ = {isa = PBXBuildFile; fileRef = 83431BFA170ADA7C000AA85C /* Cocoa.framework */; };
		83431C05170ADA7C000AA85C /* InfoPlist.strings in Resources */ = {isa = PBXBuildFile; fileRef = 83431C03170ADA7C000AA85C /* InfoPlist.strings */; };
		83431C07170ADA7C000AA85C /* main.m in Sources */ = {isa = PBXBuildFile; fileRef = 83431C06170ADA7C000AA85C /* main.m */; };
		83431C0B170ADA7C000AA85C /* Credits.rtf in Resources */ = {isa = PBXBuildFile; fileRef = 83431C09170ADA7C000AA85C /* Credits.rtf */; };
		83431C0E170ADA7C000AA85C /* EIOSAppDelegate.m in Sources */ = {isa = PBXBuildFile; fileRef = 83431C0D170ADA7C000AA85C /* EIOSAppDelegate.m */; };
		83431C11170ADA7C000AA85C /* MainMenu.xib in Resources */ = {isa = PBXBuildFile; fileRef = 83431C0F170ADA7C000AA85C /* MainMenu.xib */; };
		83431C18170ADBA1000AA85C /* ImageIO.framework in Frameworks */ = {isa = PBXBuildFile; fileRef = 83431C17170ADBA1000AA85C /* ImageIO.framework */; };
		83431C1E170ADC0D000AA85C /* IMG_0136.JPG in Resources */ = {isa = PBXBuildFile; fileRef = 83431C1D170ADC0D000AA85C /* IMG_0136.JPG */; };
/* End PBXBuildFile section */

/* Begin PBXFileReference section */
		83431BF7170ADA7C000AA85C /* exifOSX.app */ = {isa = PBXFileReference; explicitFileType = wrapper.application; includeInIndex = 0; path = exifOSX.app; sourceTree = BUILT_PRODUCTS_DIR; };
		83431BFA170ADA7C000AA85C /* Cocoa.framework */ = {isa = PBXFileReference; lastKnownFileType = wrapper.framework; name = Cocoa.framework; path = System/Library/Frameworks/Cocoa.framework; sourceTree = SDKROOT; };
		83431BFD170ADA7C000AA85C /* AppKit.framework */ = {isa = PBXFileReference; lastKnownFileType = wrapper.framework; name = AppKit.framework; path = System/Library/Frameworks/AppKit.framework; sourceTree = SDKROOT; };
		83431BFE170ADA7C000AA85C /* CoreData.framework */ = {isa = PBXFileReference; lastKnownFileType = wrapper.framework; name = CoreData.framework; path = System/Library/Frameworks/CoreData.framework; sourceTree = SDKROOT; };
		83431BFF170ADA7C000AA85C /* Foundation.framework */ = {isa = PBXFileReference; lastKnownFileType = wrapper.framework; name = Foundation.framework; path = System/Library/Frameworks/Foundation.framework; sourceTree = SDKROOT; };
		83431C02170ADA7C000AA85C /* exifOSX-Info.plist */ = {isa = PBXFileReference; lastKnownFileType = text.plist.xml; path = "exifOSX-Info.plist"; sourceTree = "<group>"; };
		83431C04170ADA7C000AA85C /* en */ = {isa = PBXFileReference; lastKnownFileType = text.plist.strings; name = en; path = en.lproj/InfoPlist.strings; sourceTree = "<group>"; };
		83431C06170ADA7C000AA85C /* main.m */ = {isa = PBXFileReference; lastKnownFileType = sourcecode.c.objc; path = main.m; sourceTree = "<group>"; };
		83431C08170ADA7C000AA85C /* exifOSX-Prefix.pch */ = {isa = PBXFileReference; lastKnownFileType = sourcecode.c.h; path = "exifOSX-Prefix.pch"; sourceTree = "<group>"; };
		83431C0A170ADA7C000AA85C /* en */ = {isa = PBXFileReference; lastKnownFileType = text.rtf; name = en; path = en.lproj/Credits.rtf; sourceTree = "<group>"; };
		83431C0C170ADA7C000AA85C /* EIOSAppDelegate.h */ = {isa = PBXFileReference; lastKnownFileType = sourcecode.c.h; path = EIOSAppDelegate.h; sourceTree = "<group>"; };
		83431C0D170ADA7C000AA85C /* EIOSAppDelegate.m */ = {isa = PBXFileReference; lastKnownFileType = sourcecode.c.objc; path = EIOSAppDelegate.m; sourceTree = "<group>"; };
		83431C10170ADA7C000AA85C /* en */ = {isa = PBXFileReference; lastKnownFileType = file.xib; name = en; path = en.lproj/MainMenu.xib; sourceTree = "<group>"; };
		83431C17170ADBA1000AA85C /* ImageIO.framework */ = {isa = PBXFileReference; lastKnownFileType = wrapper.framework; name = ImageIO.framework; path = System/Library/Frameworks/ImageIO.framework; sourceTree = SDKROOT; };
		83431C1D170ADC0D000AA85C /* IMG_0136.JPG */ = {isa = PBXFileReference; lastKnownFileType = image.jpeg; path = IMG_0136.JPG; sourceTree = "<group>"; };
/* End PBXFileReference section */

/* Begin PBXFrameworksBuildPhase section */
		83431BF4170ADA7C000AA85C /* Frameworks */ = {
			isa = PBXFrameworksBuildPhase;
			buildActionMask = 2147483647;
			files = (
				83431C18170ADBA1000AA85C /* ImageIO.framework in Frameworks */,
				83431BFB170ADA7C000AA85C /* Cocoa.framework in Frameworks */,
			);
			runOnlyForDeploymentPostprocessing = 0;
		};
/* End PBXFrameworksBuildPhase section */

/* Begin PBXGroup section */
		83431BEE170ADA7C000AA85C = {
			isa = PBXGroup;
			children = (
				83431C17170ADBA1000AA85C /* ImageIO.framework */,
				83431C00170ADA7C000AA85C /* exifOSX */,
				83431BF9170ADA7C000AA85C /* Frameworks */,
				83431BF8170ADA7C000AA85C /* Products */,
			);
			sourceTree = "<group>";
		};
		83431BF8170ADA7C000AA85C /* Products */ = {
			isa = PBXGroup;
			children = (
				83431BF7170ADA7C000AA85C /* exifOSX.app */,
			);
			name = Products;
			sourceTree = "<group>";
		};
		83431BF9170ADA7C000AA85C /* Frameworks */ = {
			isa = PBXGroup;
			children = (
				83431BFA170ADA7C000AA85C /* Cocoa.framework */,
				83431BFC170ADA7C000AA85C /* Other Frameworks */,
			);
			name = Frameworks;
			sourceTree = "<group>";
		};
		83431BFC170ADA7C000AA85C /* Other Frameworks */ = {
			isa = PBXGroup;
			children = (
				83431BFD170ADA7C000AA85C /* AppKit.framework */,
				83431BFE170ADA7C000AA85C /* CoreData.framework */,
				83431BFF170ADA7C000AA85C /* Foundation.framework */,
			);
			name = "Other Frameworks";
			sourceTree = "<group>";
		};
		83431C00170ADA7C000AA85C /* exifOSX */ = {
			isa = PBXGroup;
			children = (
				83431C0C170ADA7C000AA85C /* EIOSAppDelegate.h */,
				83431C0D170ADA7C000AA85C /* EIOSAppDelegate.m */,
				83431C0F170ADA7C000AA85C /* MainMenu.xib */,
				83431C01170ADA7C000AA85C /* Supporting Files */,
			);
			path = exifOSX;
			sourceTree = "<group>";
		};
		83431C01170ADA7C000AA85C /* Supporting Files */ = {
			isa = PBXGroup;
			children = (
				83431C1D170ADC0D000AA85C /* IMG_0136.JPG */,
				83431C02170ADA7C000AA85C /* exifOSX-Info.plist */,
				83431C03170ADA7C000AA85C /* InfoPlist.strings */,
				83431C06170ADA7C000AA85C /* main.m */,
				83431C08170ADA7C000AA85C /* exifOSX-Prefix.pch */,
				83431C09170ADA7C000AA85C /* Credits.rtf */,
			);
			name = "Supporting Files";
			sourceTree = "<group>";
		};
/* End PBXGroup section */

/* Begin PBXNativeTarget section */
		83431BF6170ADA7C000AA85C /* exifOSX */ = {
			isa = PBXNativeTarget;
			buildConfigurationList = 83431C14170ADA7C000AA85C /* Build configuration list for PBXNativeTarget "exifOSX" */;
			buildPhases = (
				83431BF3170ADA7C000AA85C /* Sources */,
				83431BF4170ADA7C000AA85C /* Frameworks */,
				83431BF5170ADA7C000AA85C /* Resources */,
			);
			buildRules = (
			);
			dependencies = (
			);
			name = exifOSX;
			productName = exifOSX;
			productReference = 83431BF7170ADA7C000AA85C /* exifOSX.app */;
			productType = "com.apple.product-type.application";
		};
/* End PBXNativeTarget section */

/* Begin PBXProject section */
		83431BEF170ADA7C000AA85C /* Project object */ = {
			isa = PBXProject;
			attributes = {
				CLASSPREFIX = EIOS;
				LastUpgradeCheck = 0460;
				ORGANIZATIONNAME = "Christoffer Magnussen";
			};
			buildConfigurationList = 83431BF2170ADA7C000AA85C /* Build configuration list for PBXProject "exifOSX" */;
			compatibilityVersion = "Xcode 3.2";
			developmentRegion = English;
			hasScannedForEncodings = 0;
			knownRegions = (
				en,
			);
			mainGroup = 83431BEE170ADA7C000AA85C;
			productRefGroup = 83431BF8170ADA7C000AA85C /* Products */;
			projectDirPath = "";
			projectRoot = "";
			targets = (
				83431BF6170ADA7C000AA85C /* exifOSX */,
			);
		};
/* End PBXProject section */

/* Begin PBXResourcesBuildPhase section */
		83431BF5170ADA7C000AA85C /* Resources */ = {
			isa = PBXResourcesBuildPhase;
			buildActionMask = 2147483647;
			files = (
				83431C05170ADA7C000AA85C /* InfoPlist.strings in Resources */,
				83431C0B170ADA7C000AA85C /* Credits.rtf in Resources */,
				83431C11170ADA7C000AA85C /* MainMenu.xib in Resources */,
				83431C1E170ADC0D000AA85C /* IMG_0136.JPG in Resources */,
			);
			runOnlyForDeploymentPostprocessing = 0;
		};
/* End PBXResourcesBuildPhase section */

/* Begin PBXSourcesBuildPhase section */
		83431BF3170ADA7C000AA85C /* Sources */ = {
			isa = PBXSourcesBuildPhase;
			buildActionMask = 2147483647;
			files = (
				83431C07170ADA7C000AA85C /* main.m in Sources */,
				83431C0E170ADA7C000AA85C /* EIOSAppDelegate.m in Sources */,
			);
			runOnlyForDeploymentPostprocessing = 0;
		};
/* End PBXSourcesBuildPhase section */

/* Begin PBXVariantGroup section */
		83431C03170ADA7C000AA85C /* InfoPlist.strings */ = {
			isa = PBXVariantGroup;
			children = (
				83431C04170ADA7C000AA85C /* en */,
			);
			name = InfoPlist.strings;
			sourceTree = "<group>";
		};
		83431C09170ADA7C000AA85C /* Credits.rtf */ = {
			isa = PBXVariantGroup;
			children = (
				83431C0A170ADA7C000AA85C /* en */,
			);
			name = Credits.rtf;
			sourceTree = "<group>";
		};
		83431C0F170ADA7C000AA85C /* MainMenu.xib */ = {
			isa = PBXVariantGroup;
			children = (
				83431C10170ADA7C000AA85C /* en */,
			);
			name = MainMenu.xib;
			sourceTree = "<group>";
		};
/* End PBXVariantGroup section */

/* Begin XCBuildConfiguration section */
		83431C12170ADA7C000AA85C /* Debug */ = {
			isa = XCBuildConfiguration;
			buildSettings = {
				ALWAYS_SEARCH_USER_PATHS = NO;
				ARCHS = "$(ARCHS_STANDARD_64_BIT)";
				CLANG_CXX_LANGUAGE_STANDARD = "gnu++0x";
				CLANG_CXX_LIBRARY = "libc++";
				CLANG_ENABLE_OBJC_ARC = YES;
				CLANG_WARN_CONSTANT_CONVERSION = YES;
				CLANG_WARN_EMPTY_BODY = YES;
				CLANG_WARN_ENUM_CONVERSION = YES;
				CLANG_WARN_INT_CONVERSION = YES;
				CLANG_WARN__DUPLICATE_METHOD_MATCH = YES;
				COPY_PHASE_STRIP = NO;
				GCC_C_LANGUAGE_STANDARD = gnu99;
				GCC_DYNAMIC_NO_PIC = NO;
				GCC_ENABLE_OBJC_EXCEPTIONS = YES;
				GCC_OPTIMIZATION_LEVEL = 0;
				GCC_PREPROCESSOR_DEFINITIONS = (
					"DEBUG=1",
					"$(inherited)",
				);
				GCC_SYMBOLS_PRIVATE_EXTERN = NO;
				GCC_WARN_64_TO_32_BIT_CONVERSION = YES;
				GCC_WARN_ABOUT_RETURN_TYPE = YES;
				GCC_WARN_UNINITIALIZED_AUTOS = YES;
				GCC_WARN_UNUSED_VARIABLE = YES;
				MACOSX_DEPLOYMENT_TARGET = 10.8;
				ONLY_ACTIVE_ARCH = YES;
				SDKROOT = macosx;
			};
			name = Debug;
		};
		83431C13170ADA7C000AA85C /* Release */ = {
			isa = XCBuildConfiguration;
			buildSettings = {
				ALWAYS_SEARCH_USER_PATHS = NO;
				ARCHS = "$(ARCHS_STANDARD_64_BIT)";
				CLANG_CXX_LANGUAGE_STANDARD = "gnu++0x";
				CLANG_CXX_LIBRARY = "libc++";
				CLANG_ENABLE_OBJC_ARC = YES;
				CLANG_WARN_CONSTANT_CONVERSION = YES;
				CLANG_WARN_EMPTY_BODY = YES;
				CLANG_WARN_ENUM_CONVERSION = YES;
				CLANG_WARN_INT_CONVERSION = YES;
				CLANG_WARN__DUPLICATE_METHOD_MATCH = YES;
				COPY_PHASE_STRIP = YES;
				DEBUG_INFORMATION_FORMAT = "dwarf-with-dsym";
				GCC_C_LANGUAGE_STANDARD = gnu99;
				GCC_ENABLE_OBJC_EXCEPTIONS = YES;
				GCC_WARN_64_TO_32_BIT_CONVERSION = YES;
				GCC_WARN_ABOUT_RETURN_TYPE = YES;
				GCC_WARN_UNINITIALIZED_AUTOS = YES;
				GCC_WARN_UNUSED_VARIABLE = YES;
				MACOSX_DEPLOYMENT_TARGET = 10.8;
				SDKROOT = macosx;
			};
			name = Release;
		};
		83431C15170ADA7C000AA85C /* Debug */ = {
			isa = XCBuildConfiguration;
			buildSettings = {
				COMBINE_HIDPI_IMAGES = YES;
				GCC_PRECOMPILE_PREFIX_HEADER = YES;
				GCC_PREFIX_HEADER = "exifOSX/exifOSX-Prefix.pch";
				INFOPLIST_FILE = "exifOSX/exifOSX-Info.plist";
				PRODUCT_NAME = "$(TARGET_NAME)";
				WRAPPER_EXTENSION = app;
			};
			name = Debug;
		};
		83431C16170ADA7C000AA85C /* Release */ = {
			isa = XCBuildConfiguration;
			buildSettings = {
				COMBINE_HIDPI_IMAGES = YES;
				GCC_PRECOMPILE_PREFIX_HEADER = YES;
				GCC_PREFIX_HEADER = "exifOSX/exifOSX-Prefix.pch";
				INFOPLIST_FILE = "exifOSX/exifOSX-Info.plist";
				PRODUCT_NAME = "$(TARGET_NAME)";
				WRAPPER_EXTENSION = app;
			};
			name = Release;
		};
/* End XCBuildConfiguration section */

/* Begin XCConfigurationList section */
		83431BF2170ADA7C000AA85C /* Build configuration list for PBXProject "exifOSX" */ = {
			isa = XCConfigurationList;
			buildConfigurations = (
				83431C12170ADA7C000AA85C /* Debug */,
				83431C13170ADA7C000AA85C /* Release */,
			);
			defaultConfigurationIsVisible = 0;
			defaultConfigurationName = Release;
		};
		83431C14170ADA7C000AA85C /* Build configuration list for PBXNativeTarget "exifOSX" */ = {
			isa = XCConfigurationList;
			buildConfigurations = (
				83431C15170ADA7C000AA85C /* Debug */,
				83431C16170ADA7C000AA85C /* Release */,
			);
			defaultConfigurationIsVisible = 0;
		};
/* End XCConfigurationList section */
	};
	rootObject = 83431BEF170ADA7C000AA85C /* Project object */;
}
